
Microsoft Visual Studio Solution File, Format Version 12.00
# Visual Studio 14
VisualStudioVersion = 14.0.25420.1
MinimumVisualStudioVersion = 10.0.40219.1
Project("{2150E333-8FDC-42A3-9474-1A3956D46DE8}") = "0 - Presentation", "0 - Presentation", "{7969AB4E-F85D-42B9-8638-57CD0AB0E701}"
EndProject
Project("{FAE04EC0-301F-11D3-BF4B-00C04F79EFBC}") = "ProjetoBanco.MVC", "ProjetoBanco.MVC\ProjetoBanco.MVC.csproj", "{106D802C-3B76-4B96-87E3-E835D391F573}"
EndProject
Project("{2150E333-8FDC-42A3-9474-1A3956D46DE8}") = "1 - Application", "1 - Application", "{A49C33F4-908C-48EF-AA88-29DBAA2BAE17}"
EndProject
Project("{2150E333-8FDC-42A3-9474-1A3956D46DE8}") = "2 - Domain", "2 - Domain", "{64870221-8DF2-4D4D-ACC6-39FDAB1B843E}"
EndProject
Project("{2150E333-8FDC-42A3-9474-1A3956D46DE8}") = "3 - Infra", "3 - Infra", "{56CC0BD3-BFA3-49E1-9E35-24931E2B2110}"
EndProject
Project("{2150E333-8FDC-42A3-9474-1A3956D46DE8}") = "3.1 - Data", "3.1 - Data", "{C07D9F8A-D274-4E52-B399-80333B785F29}"
EndProject
Project("{FAE04EC0-301F-11D3-BF4B-00C04F79EFBC}") = "ProjetoBanco.Application", "ProjetoBanco.Application\ProjetoBanco.Application.csproj", "{B19C9229-57F4-4B25-8470-B1D91C5B9A30}"
EndProject
Project("{FAE04EC0-301F-11D3-BF4B-00C04F79EFBC}") = "ProjetoBanco.Domain", "ProjetoBanco.Domain\ProjetoBanco.Domain.csproj", "{0248E1B9-F06C-434D-9D81-04C4BF0EB61A}"
EndProject
Project("{FAE04EC0-301F-11D3-BF4B-00C04F79EFBC}") = "ProjetoBanco.Infra.Data", "ProjetoBanco.Infra.Data\ProjetoBanco.Infra.Data.csproj", "{40799BA4-3A3C-4BE7-8D6C-AEC4129FC23A}"
EndProject
Global
	GlobalSection(SolutionConfigurationPlatforms) = preSolution
		Debug|Any CPU = Debug|Any CPU
		Release|Any CPU = Release|Any CPU
	EndGlobalSection
	GlobalSection(ProjectConfigurationPlatforms) = postSolution
		{106D802C-3B76-4B96-87E3-E835D391F573}.Debug|Any CPU.ActiveCfg = Debug|Any CPU
		{106D802C-3B76-4B96-87E3-E835D391F573}.Debug|Any CPU.Build.0 = Debug|Any CPU
		{106D802C-3B76-4B96-87E3-E835D391F573}.Release|Any CPU.ActiveCfg = Release|Any CPU
		{106D802C-3B76-4B96-87E3-E835D391F573}.Release|Any CPU.Build.0 = Release|Any CPU
		{B19C9229-57F4-4B25-8470-B1D91C5B9A30}.Debug|Any CPU.ActiveCfg = Debug|Any CPU
		{B19C9229-57F4-4B25-8470-B1D91C5B9A30}.Debug|Any CPU.Build.0 = Debug|Any CPU
		{B19C9229-57F4-4B25-8470-B1D91C5B9A30}.Release|Any CPU.ActiveCfg = Release|Any CPU
		{B19C9229-57F4-4B25-8470-B1D91C5B9A30}.Release|Any CPU.Build.0 = Release|Any CPU
		{0248E1B9-F06C-434D-9D81-04C4BF0EB61A}.Debug|Any CPU.ActiveCfg = Debug|Any CPU
		{0248E1B9-F06C-434D-9D81-04C4BF0EB61A}.Debug|Any CPU.Build.0 = Debug|Any CPU
		{0248E1B9-F06C-434D-9D81-04C4BF0EB61A}.Release|Any CPU.ActiveCfg = Release|Any CPU
		{0248E1B9-F06C-434D-9D81-04C4BF0EB61A}.Release|Any CPU.Build.0 = Release|Any CPU
		{40799BA4-3A3C-4BE7-8D6C-AEC4129FC23A}.Debug|Any CPU.ActiveCfg = Debug|Any CPU
		{40799BA4-3A3C-4BE7-8D6C-AEC4129FC23A}.Debug|Any CPU.Build.0 = Debug|Any CPU
		{40799BA4-3A3C-4BE7-8D6C-AEC4129FC23A}.Release|Any CPU.ActiveCfg = Release|Any CPU
		{40799BA4-3A3C-4BE7-8D6C-AEC4129FC23A}.Release|Any CPU.Build.0 = Release|Any CPU
	EndGlobalSection
	GlobalSection(SolutionProperties) = preSolution
		HideSolutionNode = FALSE
	EndGlobalSection
	GlobalSection(NestedProjects) = preSolution
		{106D802C-3B76-4B96-87E3-E835D391F573} = {7969AB4E-F85D-42B9-8638-57CD0AB0E701}
		{C07D9F8A-D274-4E52-B399-80333B785F29} = {56CC0BD3-BFA3-49E1-9E35-24931E2B2110}
		{B19C9229-57F4-4B25-8470-B1D91C5B9A30} = {A49C33F4-908C-48EF-AA88-29DBAA2BAE17}
		{0248E1B9-F06C-434D-9D81-04C4BF0EB61A} = {64870221-8DF2-4D4D-ACC6-39FDAB1B843E}
		{40799BA4-3A3C-4BE7-8D6C-AEC4129FC23A} = {C07D9F8A-D274-4E52-B399-80333B785F29}
	EndGlobalSection
EndGlobal
